
Microsoft Visual Studio Solution File, Format Version 12.00
# Visual Studio Version 16
VisualStudioVersion = 16.0.29926.136
MinimumVisualStudioVersion = 10.0.40219.1
Project("{FAE04EC0-301F-11D3-BF4B-00C04F79EFBC}") = "dp.exam", "dp.exam\dp.exam.csproj", "{235A2A64-D040-42DB-83D0-C8D3E05A643B}"
EndProject
Global
	GlobalSection(SolutionConfigurationPlatforms) = preSolution
		Debug|Any CPU = Debug|Any CPU
		Release|Any CPU = Release|Any CPU
	EndGlobalSection
	GlobalSection(ProjectConfigurationPlatforms) = postSolution
		{235A2A64-D040-42DB-83D0-C8D3E05A643B}.Debug|Any CPU.ActiveCfg = Debug|Any CPU
		{235A2A64-D040-42DB-83D0-C8D3E05A643B}.Debug|Any CPU.Build.0 = Debug|Any CPU
		{235A2A64-D040-42DB-83D0-C8D3E05A643B}.Release|Any CPU.ActiveCfg = Release|Any CPU
		{235A2A64-D040-42DB-83D0-C8D3E05A643B}.Release|Any CPU.Build.0 = Release|Any CPU
	EndGlobalSection
	GlobalSection(SolutionProperties) = preSolution
		HideSolutionNode = FALSE
	EndGlobalSection
	GlobalSection(ExtensibilityGlobals) = postSolution
		SolutionGuid = {554E48B3-99DF-42F8-94D8-96E330A94B6B}
	EndGlobalSection
EndGlobal
